
Microsoft Visual Studio Solution File, Format Version 12.00
# Visual Studio Version 17
VisualStudioVersion = 17.9.34622.214
MinimumVisualStudioVersion = 10.0.40219.1
Project("{9A19103F-16F7-4668-BE54-9A1E7A4F7556}") = "TicTacToe", "TicTacToe\TicTacToe.csproj", "{D3476970-B878-4468-A677-D2F77B98F07A}"
EndProject
Project("{9A19103F-16F7-4668-BE54-9A1E7A4F7556}") = "TicTacToe.Cli", "TicTacToe.Cli\TicTacToe.Cli.csproj", "{02061D29-4A36-4B80-A9ED-C518711935D1}"
EndProject
Project("{FAE04EC0-301F-11D3-BF4B-00C04F79EFBC}") = "Common", "Common\Common.csproj", "{592F08A2-6426-4D25-AEDB-CF4FA0B946A5}"
EndProject
Global
	GlobalSection(SolutionConfigurationPlatforms) = preSolution
		Debug|Any CPU = Debug|Any CPU
		Release|Any CPU = Release|Any CPU
	EndGlobalSection
	GlobalSection(ProjectConfigurationPlatforms) = postSolution
		{D3476970-B878-4468-A677-D2F77B98F07A}.Debug|Any CPU.ActiveCfg = Debug|Any CPU
		{D3476970-B878-4468-A677-D2F77B98F07A}.Debug|Any CPU.Build.0 = Debug|Any CPU
		{D3476970-B878-4468-A677-D2F77B98F07A}.Release|Any CPU.ActiveCfg = Release|Any CPU
		{D3476970-B878-4468-A677-D2F77B98F07A}.Release|Any CPU.Build.0 = Release|Any CPU
		{02061D29-4A36-4B80-A9ED-C518711935D1}.Debug|Any CPU.ActiveCfg = Debug|Any CPU
		{02061D29-4A36-4B80-A9ED-C518711935D1}.Debug|Any CPU.Build.0 = Debug|Any CPU
		{02061D29-4A36-4B80-A9ED-C518711935D1}.Release|Any CPU.ActiveCfg = Release|Any CPU
		{02061D29-4A36-4B80-A9ED-C518711935D1}.Release|Any CPU.Build.0 = Release|Any CPU
		{592F08A2-6426-4D25-AEDB-CF4FA0B946A5}.Debug|Any CPU.ActiveCfg = Debug|Any CPU
		{592F08A2-6426-4D25-AEDB-CF4FA0B946A5}.Debug|Any CPU.Build.0 = Debug|Any CPU
		{592F08A2-6426-4D25-AEDB-CF4FA0B946A5}.Release|Any CPU.ActiveCfg = Release|Any CPU
		{592F08A2-6426-4D25-AEDB-CF4FA0B946A5}.Release|Any CPU.Build.0 = Release|Any CPU
	EndGlobalSection
	GlobalSection(SolutionProperties) = preSolution
		HideSolutionNode = FALSE
	EndGlobalSection
	GlobalSection(ExtensibilityGlobals) = postSolution
		SolutionGuid = {762E2B57-D9B8-44F6-A367-D56FB1B9419B}
	EndGlobalSection
EndGlobal
